
Microsoft Visual Studio Solution File, Format Version 12.00
# Visual Studio Version 17
VisualStudioVersion = 17.1.32407.343
MinimumVisualStudioVersion = 10.0.40219.1
Project("{FAE04EC0-301F-11D3-BF4B-00C04F79EFBC}") = "Frontweb", "Frontweb\Frontweb.csproj", "{801F59EE-327A-4C35-BFB1-40B60DFA76F6}"
EndProject
Global
	GlobalSection(SolutionConfigurationPlatforms) = preSolution
		Debug|Any CPU = Debug|Any CPU
		Release|Any CPU = Release|Any CPU
	EndGlobalSection
	GlobalSection(ProjectConfigurationPlatforms) = postSolution
		{801F59EE-327A-4C35-BFB1-40B60DFA76F6}.Debug|Any CPU.ActiveCfg = Debug|Any CPU
		{801F59EE-327A-4C35-BFB1-40B60DFA76F6}.Debug|Any CPU.Build.0 = Debug|Any CPU
		{801F59EE-327A-4C35-BFB1-40B60DFA76F6}.Release|Any CPU.ActiveCfg = Release|Any CPU
		{801F59EE-327A-4C35-BFB1-40B60DFA76F6}.Release|Any CPU.Build.0 = Release|Any CPU
	EndGlobalSection
	GlobalSection(SolutionProperties) = preSolution
		HideSolutionNode = FALSE
	EndGlobalSection
	GlobalSection(ExtensibilityGlobals) = postSolution
		SolutionGuid = {3118F343-629B-4E29-B70D-9E69949A3BB2}
	EndGlobalSection
EndGlobal
